
Microsoft Visual Studio Solution File, Format Version 12.00
# Visual Studio Version 17
VisualStudioVersion = 17.14.36414.22 d17.14
MinimumVisualStudioVersion = 10.0.40219.1
Project("{54A90642-561A-4BB1-A94E-469ADEE60C69}") = "suswebapp.client", "suswebapp.client\suswebapp.client.esproj", "{C591EF56-2F01-1780-74A3-8F9BB6D39C8B}"
EndProject
Project("{FAE04EC0-301F-11D3-BF4B-00C04F79EFBC}") = "SUSWebApp.Server", "SUSWebApp.Server\SUSWebApp.Server.csproj", "{A4A00BDD-C050-4D7A-B45C-49DACA95AA7A}"
EndProject
Global
	GlobalSection(SolutionConfigurationPlatforms) = preSolution
		Debug|Any CPU = Debug|Any CPU
		Release|Any CPU = Release|Any CPU
	EndGlobalSection
	GlobalSection(ProjectConfigurationPlatforms) = postSolution
		{C591EF56-2F01-1780-74A3-8F9BB6D39C8B}.Debug|Any CPU.ActiveCfg = Debug|Any CPU
		{C591EF56-2F01-1780-74A3-8F9BB6D39C8B}.Debug|Any CPU.Build.0 = Debug|Any CPU
		{C591EF56-2F01-1780-74A3-8F9BB6D39C8B}.Debug|Any CPU.Deploy.0 = Debug|Any CPU
		{C591EF56-2F01-1780-74A3-8F9BB6D39C8B}.Release|Any CPU.ActiveCfg = Release|Any CPU
		{C591EF56-2F01-1780-74A3-8F9BB6D39C8B}.Release|Any CPU.Build.0 = Release|Any CPU
		{C591EF56-2F01-1780-74A3-8F9BB6D39C8B}.Release|Any CPU.Deploy.0 = Release|Any CPU
		{A4A00BDD-C050-4D7A-B45C-49DACA95AA7A}.Debug|Any CPU.ActiveCfg = Debug|Any CPU
		{A4A00BDD-C050-4D7A-B45C-49DACA95AA7A}.Debug|Any CPU.Build.0 = Debug|Any CPU
		{A4A00BDD-C050-4D7A-B45C-49DACA95AA7A}.Release|Any CPU.ActiveCfg = Release|Any CPU
		{A4A00BDD-C050-4D7A-B45C-49DACA95AA7A}.Release|Any CPU.Build.0 = Release|Any CPU
	EndGlobalSection
	GlobalSection(SolutionProperties) = preSolution
		HideSolutionNode = FALSE
	EndGlobalSection
	GlobalSection(ExtensibilityGlobals) = postSolution
		SolutionGuid = {1B1D5598-396E-4840-9B99-2C49025CD301}
	EndGlobalSection
EndGlobal
